{
  "version": 4,
  "terraform_version": "1.3.9",
  "serial": 2699,
  "lineage": "ba06891d-1efc-b4cc-d7a8-f90bebe27cbb",
  "outputs": {},
  "resources": [
    {
      "mode": "managed",
      "type": "aws_db_subnet_group",
      "name": "iron_rds_eks",
      "provider": "provider[\"registry.terraform.io/hashicorp/aws\"]",
      "instances": [
        {
          "schema_version": 0,
          "attributes": {
            "arn": "arn:aws:rds:ap-northeast-2:107972469409:subgrp:eks_group",
            "description": "Managed by Terraform",
            "id": "eks_group",
            "name": "eks_group",
            "name_prefix": "",
            "subnet_ids": [
              "subnet-013abf5b1a4407d45",
              "subnet-03635cff947fb06fe"
            ],
            "supported_network_types": [
              "IPV4"
            ],
            "tags": {
              "Name": "iron_rds_eks"
            },
            "tags_all": {
              "Name": "iron_rds_eks"
            }
          },
          "sensitive_attributes": [],
          "private": "bnVsbA==",
          "dependencies": [
            "aws_subnet.private_a",
            "aws_subnet.private_c",
            "aws_vpc.iron"
          ]
        }
      ]
    },
    {
      "mode": "managed",
      "type": "aws_eks_cluster",
      "name": "iron-eks",
      "provider": "provider[\"registry.terraform.io/hashicorp/aws\"]",
      "instances": [
        {
          "schema_version": 0,
          "attributes": {
            "arn": "arn:aws:eks:ap-northeast-2:107972469409:cluster/iron-eks",
            "certificate_authority": [
              {
                "data": "LS0tLS1CRUdJTiBDRVJUSUZJQ0FURS0tLS0tCk1JSUMvakNDQWVhZ0F3SUJBZ0lCQURBTkJna3Foa2lHOXcwQkFRc0ZBREFWTVJNd0VRWURWUVFERXdwcmRXSmwKY201bGRHVnpNQjRYRFRJek1ESXlPREE1TXpReE1Gb1hEVE16TURJeU5UQTVNelF4TUZvd0ZURVRNQkVHQTFVRQpBeE1LYTNWaVpYSnVaWFJsY3pDQ0FTSXdEUVlKS29aSWh2Y05BUUVCQlFBRGdnRVBBRENDQVFvQ2dnRUJBTEMyCmJHd09zZWxMWkxJRG93dFIxNTc3dmxuSEJVcEhlWlI5VVpwMEpUb1BjZFJ2eUJHYkpId1VWWGFRMEY1MWMvVnEKRmFqMmk1bUtaQmtacFcvSUk5ZUVRRTNmTlF0TEVJbnpqVm95aVJkdWVGNGlTNXlSOHEvNXVwa1lKVzZXNnkzbwoydlRxMUdjZWkzTWY0VUozbUREc2N2YWZNcGo3d2pDNTFpOHE5WWFHUnNFTEhFc2JZb2lGcytUSk91NlgvWFFGCjdQYllVSXFuZHluaXRFUWpyb2V4aG5ndm9INFpTNUFrZFVYSmE0RFBlUktLenkvMGhyRk1VMTFkVmw5TVlTMlUKcGE4TnNXcHNzcmNKMExIQTRIODU5QkFxQlRIREpMNzdCUDV0NVAvMTBlU3ZUMTNiOFZpY3ZWMWg5REQ2ZFJZbgpOR2FjY2JkN3VjMUVjRkFHQVcwQ0F3RUFBYU5aTUZjd0RnWURWUjBQQVFIL0JBUURBZ0trTUE4R0ExVWRFd0VCCi93UUZNQU1CQWY4d0hRWURWUjBPQkJZRUZBTHI4Vm5UNDJ0bThZbDhCam4wQ09Pb1hla3JNQlVHQTFVZEVRUU8KTUF5Q0NtdDFZbVZ5Ym1WMFpYTXdEUVlKS29aSWh2Y05BUUVMQlFBRGdnRUJBRmE0SFVIL2xEaSs1dXRmbHVVaQppSW9Ra04wMnFxZVcyMHcwbTlXK1hGaTY3ZnkwaU04UXExaitkSTUwYkQrSTdzYVVWZFhWMXlTNmc3NzdjeDFjCnl4d2FLNVUzSURxUlhHekJCVWFHdFlxdzNtWjNhZksrK3RzZUpsT1FJVGlSRzdtaXdVbi9VeWlRYldyN2YwQVAKZytzdDdJYi9peHB4TmtzSGduNVhFM2ljTE9weGNrZjZpQi9pVGlnSzZzOGhFdkxXcVdkNGVkRmoyRWdDMkltcwpqNmJjKzVuVGZ3WnNkdHM4aDRDTkhZczNLakFnTUVpQTdMK1hiRGQ2T3RYbTQrZ1pYNWZ5dkpqN2t2S2NPRGZtCmlSd2ZNSElBYndWNk14OCt2ekhFV3Y2SXIwbDdYYzNORzcwS0xGb3J1bUNLZUhGN1pIdy92TUxMd1dWOStMZkYKcFJNPQotLS0tLUVORCBDRVJUSUZJQ0FURS0tLS0tCg=="
              }
            ],
            "cluster_id": null,
            "created_at": "2023-02-28 09:28:49.543 +0000 UTC",
            "enabled_cluster_log_types": [],
            "encryption_config": [],
            "endpoint": "https://24DB6E156E73435D75BF6F80550919B9.gr7.ap-northeast-2.eks.amazonaws.com",
            "id": "iron-eks",
            "identity": [
              {
                "oidc": [
                  {
                    "issuer": "https://oidc.eks.ap-northeast-2.amazonaws.com/id/24DB6E156E73435D75BF6F80550919B9"
                  }
                ]
              }
            ],
            "kubernetes_network_config": [
              {
                "ip_family": "ipv4",
                "service_ipv4_cidr": "10.100.0.0/16",
                "service_ipv6_cidr": ""
              }
            ],
            "name": "iron-eks",
            "outpost_config": [],
            "platform_version": "eks.4",
            "role_arn": "arn:aws:iam::107972469409:role/eks_cluster",
            "status": "ACTIVE",
            "tags": {},
            "tags_all": {},
            "timeouts": null,
            "version": "1.24",
            "vpc_config": [
              {
                "cluster_security_group_id": "sg-045ff24ce3a8357fa",
                "endpoint_private_access": true,
                "endpoint_public_access": false,
                "public_access_cidrs": [],
                "security_group_ids": [
                  "sg-022c53bc2eea3bb15"
                ],
                "subnet_ids": [
                  "subnet-094aa597db6cd32d5",
                  "subnet-0a214dddf74ba0a27"
                ],
                "vpc_id": "vpc-0e0407e4cd7f0ef43"
              }
            ]
          },
          "sensitive_attributes": [],
          "private": "eyJlMmJmYjczMC1lY2FhLTExZTYtOGY4OC0zNDM2M2JjN2M0YzAiOnsiY3JlYXRlIjoxODAwMDAwMDAwMDAwLCJkZWxldGUiOjkwMDAwMDAwMDAwMCwidXBkYXRlIjozNjAwMDAwMDAwMDAwfX0=",
          "dependencies": [
            "aws_iam_role.eks_cluster",
            "aws_iam_role_policy_attachment.iron-eks-AmazonEKSClusterPolicy",
            "aws_security_group.eks-all-group",
            "aws_subnet.private_eks1",
            "aws_subnet.private_eks2",
            "aws_vpc.iron"
          ]
        }
      ]
    },
    {
      "mode": "managed",
      "type": "aws_iam_role",
      "name": "eks_cluster",
      "provider": "provider[\"registry.terraform.io/hashicorp/aws\"]",
      "instances": [
        {
          "schema_version": 0,
          "attributes": {
            "arn": "arn:aws:iam::107972469409:role/eks_cluster",
            "assume_role_policy": "{\"Statement\":[{\"Action\":\"sts:AssumeRole\",\"Effect\":\"Allow\",\"Principal\":{\"Service\":\"eks.amazonaws.com\"}}],\"Version\":\"2012-10-17\"}",
            "create_date": "2023-02-28T09:28:35Z",
            "description": "",
            "force_detach_policies": false,
            "id": "eks_cluster",
            "inline_policy": [],
            "managed_policy_arns": [],
            "max_session_duration": 3600,
            "name": "eks_cluster",
            "name_prefix": "",
            "path": "/",
            "permissions_boundary": null,
            "tags": {},
            "tags_all": {},
            "unique_id": "AROARSI5JEKQ7P5KQTNRF"
          },
          "sensitive_attributes": [],
          "private": "bnVsbA=="
        }
      ]
    },
    {
      "mode": "managed",
      "type": "aws_rds_cluster",
      "name": "iron-data-cluster",
      "provider": "provider[\"registry.terraform.io/hashicorp/aws\"]",
      "instances": [
        {
          "schema_version": 0,
          "attributes": {
            "allocated_storage": 1,
            "allow_major_version_upgrade": null,
            "apply_immediately": null,
            "arn": "arn:aws:rds:ap-northeast-2:107972469409:cluster:iron-data-cluster",
            "availability_zones": [
              "ap-northeast-2a",
              "ap-northeast-2b",
              "ap-northeast-2c"
            ],
            "backtrack_window": 0,
            "backup_retention_period": 1,
            "cluster_identifier": "iron-data-cluster",
            "cluster_identifier_prefix": null,
            "cluster_members": [],
            "cluster_resource_id": "cluster-AGZ4TDMTBXNA4LQ6PBOCHU4BHY",
            "copy_tags_to_snapshot": false,
            "database_name": "irondb",
            "db_cluster_instance_class": "",
            "db_cluster_parameter_group_name": "default.aurora-mysql5.7",
            "db_instance_parameter_group_name": null,
            "db_subnet_group_name": "eks_group",
            "deletion_protection": false,
            "enable_global_write_forwarding": false,
            "enable_http_endpoint": false,
            "enabled_cloudwatch_logs_exports": [],
            "endpoint": "iron-data-cluster.cluster-cbldnybdrmdz.ap-northeast-2.rds.amazonaws.com",
            "engine": "aurora-mysql",
            "engine_mode": "provisioned",
            "engine_version": "5.7.mysql_aurora.2.10.2",
            "engine_version_actual": "5.7.mysql_aurora.2.10.2",
            "final_snapshot_identifier": null,
            "global_cluster_identifier": "",
            "hosted_zone_id": "ZLA2NUCOLGUUR",
            "iam_database_authentication_enabled": false,
            "iam_roles": [],
            "id": "iron-data-cluster",
            "iops": 0,
            "kms_key_id": "",
            "master_password": "iron1234",
            "master_username": "iron",
            "network_type": "IPV4",
            "port": 3306,
            "preferred_backup_window": "20:00-20:30",
            "preferred_maintenance_window": "sat:15:28-sat:15:58",
            "reader_endpoint": "iron-data-cluster.cluster-ro-cbldnybdrmdz.ap-northeast-2.rds.amazonaws.com",
            "replication_source_identifier": "",
            "restore_to_point_in_time": [],
            "s3_import": [],
            "scaling_configuration": [],
            "serverlessv2_scaling_configuration": [],
            "skip_final_snapshot": false,
            "snapshot_identifier": null,
            "source_region": null,
            "storage_encrypted": false,
            "storage_type": "",
            "tags": {
              "name": "iron-data-cluster-cluster"
            },
            "tags_all": {
              "name": "iron-data-cluster-cluster"
            },
            "timeouts": null,
            "vpc_security_group_ids": [
              "sg-04263e7536d779ac2"
            ]
          },
          "sensitive_attributes": [],
          "private": "eyJlMmJmYjczMC1lY2FhLTExZTYtOGY4OC0zNDM2M2JjN2M0YzAiOnsiY3JlYXRlIjo3MjAwMDAwMDAwMDAwLCJkZWxldGUiOjcyMDAwMDAwMDAwMDAsInVwZGF0ZSI6NzIwMDAwMDAwMDAwMH19",
          "dependencies": [
            "aws_db_subnet_group.iron_rds_eks",
            "aws_eks_cluster.iron-eks",
            "aws_iam_role.eks_cluster",
            "aws_iam_role_policy_attachment.iron-eks-AmazonEKSClusterPolicy",
            "aws_security_group.eks-all-group",
            "aws_security_group.private-eks",
            "aws_security_group.private-rds",
            "aws_subnet.private_a",
            "aws_subnet.private_c",
            "aws_subnet.private_eks1",
            "aws_subnet.private_eks2",
            "aws_vpc.iron"
          ]
        }
      ]
    },
    {
      "mode": "managed",
      "type": "aws_security_group",
      "name": "eks-all-group",
      "provider": "provider[\"registry.terraform.io/hashicorp/aws\"]",
      "instances": [
        {
          "schema_version": 1,
          "attributes": {
            "arn": "arn:aws:ec2:ap-northeast-2:107972469409:security-group/sg-022c53bc2eea3bb15",
            "description": "Managed by Terraform",
            "egress": [
              {
                "cidr_blocks": [
                  "0.0.0.0/0"
                ],
                "description": "",
                "from_port": 0,
                "ipv6_cidr_blocks": [],
                "prefix_list_ids": [],
                "protocol": "-1",
                "security_groups": [],
                "self": false,
                "to_port": 0
              }
            ],
            "id": "sg-022c53bc2eea3bb15",
            "ingress": [
              {
                "cidr_blocks": [
                  "0.0.0.0/0"
                ],
                "description": "",
                "from_port": 0,
                "ipv6_cidr_blocks": [],
                "prefix_list_ids": [],
                "protocol": "-1",
                "security_groups": [],
                "self": false,
                "to_port": 0
              }
            ],
            "name": "test-soldesk",
            "name_prefix": "",
            "owner_id": "107972469409",
            "revoke_rules_on_delete": false,
            "tags": {},
            "tags_all": {},
            "timeouts": null,
            "vpc_id": "vpc-0e0407e4cd7f0ef43"
          },
          "sensitive_attributes": [],
          "private": "eyJlMmJmYjczMC1lY2FhLTExZTYtOGY4OC0zNDM2M2JjN2M0YzAiOnsiY3JlYXRlIjo2MDAwMDAwMDAwMDAsImRlbGV0ZSI6OTAwMDAwMDAwMDAwfSwic2NoZW1hX3ZlcnNpb24iOiIxIn0=",
          "dependencies": [
            "aws_vpc.iron"
          ]
        }
      ]
    },
    {
      "mode": "managed",
      "type": "aws_security_group",
      "name": "private-eks",
      "provider": "provider[\"registry.terraform.io/hashicorp/aws\"]",
      "instances": [
        {
          "schema_version": 1,
          "attributes": {
            "arn": "arn:aws:ec2:ap-northeast-2:107972469409:security-group/sg-05e060ea6e1c890a5",
            "description": "eks-private",
            "egress": [],
            "id": "sg-05e060ea6e1c890a5",
            "ingress": [
              {
                "cidr_blocks": [
                  "0.0.0.0/0"
                ],
                "description": "",
                "from_port": 22,
                "ipv6_cidr_blocks": [],
                "prefix_list_ids": [],
                "protocol": "tcp",
                "security_groups": [],
                "self": false,
                "to_port": 22
              },
              {
                "cidr_blocks": [
                  "0.0.0.0/0"
                ],
                "description": "",
                "from_port": 3306,
                "ipv6_cidr_blocks": [],
                "prefix_list_ids": [],
                "protocol": "tcp",
                "security_groups": [],
                "self": false,
                "to_port": 3306
              }
            ],
            "name": "private-eks",
            "name_prefix": "",
            "owner_id": "107972469409",
            "revoke_rules_on_delete": false,
            "tags": {},
            "tags_all": {},
            "timeouts": null,
            "vpc_id": "vpc-0e0407e4cd7f0ef43"
          },
          "sensitive_attributes": [],
          "private": "eyJlMmJmYjczMC1lY2FhLTExZTYtOGY4OC0zNDM2M2JjN2M0YzAiOnsiY3JlYXRlIjo2MDAwMDAwMDAwMDAsImRlbGV0ZSI6OTAwMDAwMDAwMDAwfSwic2NoZW1hX3ZlcnNpb24iOiIxIn0=",
          "dependencies": [
            "aws_vpc.iron"
          ]
        }
      ]
    },
    {
      "mode": "managed",
      "type": "aws_security_group",
      "name": "private-rds",
      "provider": "provider[\"registry.terraform.io/hashicorp/aws\"]",
      "instances": [
        {
          "schema_version": 1,
          "attributes": {
            "arn": "arn:aws:ec2:ap-northeast-2:107972469409:security-group/sg-04263e7536d779ac2",
            "description": "rds-private",
            "egress": [
              {
                "cidr_blocks": [
                  "0.0.0.0/0"
                ],
                "description": "",
                "from_port": 0,
                "ipv6_cidr_blocks": [],
                "prefix_list_ids": [],
                "protocol": "-1",
                "security_groups": [],
                "self": false,
                "to_port": 0
              }
            ],
            "id": "sg-04263e7536d779ac2",
            "ingress": [
              {
                "cidr_blocks": [],
                "description": "",
                "from_port": 3306,
                "ipv6_cidr_blocks": [],
                "prefix_list_ids": [],
                "protocol": "tcp",
                "security_groups": [
                  "sg-045ff24ce3a8357fa"
                ],
                "self": false,
                "to_port": 3306
              },
              {
                "cidr_blocks": [],
                "description": "",
                "from_port": 3306,
                "ipv6_cidr_blocks": [],
                "prefix_list_ids": [],
                "protocol": "tcp",
                "security_groups": [
                  "sg-05e060ea6e1c890a5"
                ],
                "self": false,
                "to_port": 3306
              }
            ],
            "name": "private-rds",
            "name_prefix": "",
            "owner_id": "107972469409",
            "revoke_rules_on_delete": false,
            "tags": {
              "Name": "private-rds"
            },
            "tags_all": {
              "Name": "private-rds"
            },
            "timeouts": null,
            "vpc_id": "vpc-0e0407e4cd7f0ef43"
          },
          "sensitive_attributes": [],
          "private": "eyJlMmJmYjczMC1lY2FhLTExZTYtOGY4OC0zNDM2M2JjN2M0YzAiOnsiY3JlYXRlIjo2MDAwMDAwMDAwMDAsImRlbGV0ZSI6OTAwMDAwMDAwMDAwfSwic2NoZW1hX3ZlcnNpb24iOiIxIn0=",
          "dependencies": [
            "aws_eks_cluster.iron-eks",
            "aws_iam_role.eks_cluster",
            "aws_iam_role_policy_attachment.iron-eks-AmazonEKSClusterPolicy",
            "aws_security_group.eks-all-group",
            "aws_security_group.private-eks",
            "aws_subnet.private_eks1",
            "aws_subnet.private_eks2",
            "aws_vpc.iron"
          ]
        }
      ]
    },
    {
      "mode": "managed",
      "type": "aws_subnet",
      "name": "private_a",
      "provider": "provider[\"registry.terraform.io/hashicorp/aws\"]",
      "instances": [
        {
          "schema_version": 1,
          "attributes": {
            "arn": "arn:aws:ec2:ap-northeast-2:107972469409:subnet/subnet-013abf5b1a4407d45",
            "assign_ipv6_address_on_creation": false,
            "availability_zone": "ap-northeast-2a",
            "availability_zone_id": "apne2-az1",
            "cidr_block": "172.20.101.0/24",
            "customer_owned_ipv4_pool": "",
            "enable_dns64": false,
            "enable_resource_name_dns_a_record_on_launch": false,
            "enable_resource_name_dns_aaaa_record_on_launch": false,
            "id": "subnet-013abf5b1a4407d45",
            "ipv6_cidr_block": "",
            "ipv6_cidr_block_association_id": "",
            "ipv6_native": false,
            "map_customer_owned_ip_on_launch": false,
            "map_public_ip_on_launch": false,
            "outpost_arn": "",
            "owner_id": "107972469409",
            "private_dns_hostname_type_on_launch": "ip-name",
            "tags": {
              "Name": "private_a"
            },
            "tags_all": {
              "Name": "private_a"
            },
            "timeouts": null,
            "vpc_id": "vpc-0e0407e4cd7f0ef43"
          },
          "sensitive_attributes": [],
          "private": "eyJlMmJmYjczMC1lY2FhLTExZTYtOGY4OC0zNDM2M2JjN2M0YzAiOnsiY3JlYXRlIjo2MDAwMDAwMDAwMDAsImRlbGV0ZSI6MTIwMDAwMDAwMDAwMH0sInNjaGVtYV92ZXJzaW9uIjoiMSJ9",
          "dependencies": [
            "aws_vpc.iron"
          ]
        }
      ]
    },
    {
      "mode": "managed",
      "type": "aws_subnet",
      "name": "private_c",
      "provider": "provider[\"registry.terraform.io/hashicorp/aws\"]",
      "instances": [
        {
          "schema_version": 1,
          "attributes": {
            "arn": "arn:aws:ec2:ap-northeast-2:107972469409:subnet/subnet-03635cff947fb06fe",
            "assign_ipv6_address_on_creation": false,
            "availability_zone": "ap-northeast-2c",
            "availability_zone_id": "apne2-az3",
            "cidr_block": "172.20.102.0/24",
            "customer_owned_ipv4_pool": "",
            "enable_dns64": false,
            "enable_resource_name_dns_a_record_on_launch": false,
            "enable_resource_name_dns_aaaa_record_on_launch": false,
            "id": "subnet-03635cff947fb06fe",
            "ipv6_cidr_block": "",
            "ipv6_cidr_block_association_id": "",
            "ipv6_native": false,
            "map_customer_owned_ip_on_launch": false,
            "map_public_ip_on_launch": false,
            "outpost_arn": "",
            "owner_id": "107972469409",
            "private_dns_hostname_type_on_launch": "ip-name",
            "tags": {
              "Name": "private_c"
            },
            "tags_all": {
              "Name": "private_c"
            },
            "timeouts": null,
            "vpc_id": "vpc-0e0407e4cd7f0ef43"
          },
          "sensitive_attributes": [],
          "private": "eyJlMmJmYjczMC1lY2FhLTExZTYtOGY4OC0zNDM2M2JjN2M0YzAiOnsiY3JlYXRlIjo2MDAwMDAwMDAwMDAsImRlbGV0ZSI6MTIwMDAwMDAwMDAwMH0sInNjaGVtYV92ZXJzaW9uIjoiMSJ9",
          "dependencies": [
            "aws_vpc.iron"
          ]
        }
      ]
    },
    {
      "mode": "managed",
      "type": "aws_subnet",
      "name": "private_eks1",
      "provider": "provider[\"registry.terraform.io/hashicorp/aws\"]",
      "instances": [
        {
          "schema_version": 1,
          "attributes": {
            "arn": "arn:aws:ec2:ap-northeast-2:107972469409:subnet/subnet-094aa597db6cd32d5",
            "assign_ipv6_address_on_creation": false,
            "availability_zone": "ap-northeast-2a",
            "availability_zone_id": "apne2-az1",
            "cidr_block": "172.20.103.0/24",
            "customer_owned_ipv4_pool": "",
            "enable_dns64": false,
            "enable_resource_name_dns_a_record_on_launch": false,
            "enable_resource_name_dns_aaaa_record_on_launch": false,
            "id": "subnet-094aa597db6cd32d5",
            "ipv6_cidr_block": "",
            "ipv6_cidr_block_association_id": "",
            "ipv6_native": false,
            "map_customer_owned_ip_on_launch": false,
            "map_public_ip_on_launch": false,
            "outpost_arn": "",
            "owner_id": "107972469409",
            "private_dns_hostname_type_on_launch": "ip-name",
            "tags": {
              "Name": "private-eks"
            },
            "tags_all": {
              "Name": "private-eks"
            },
            "timeouts": null,
            "vpc_id": "vpc-0e0407e4cd7f0ef43"
          },
          "sensitive_attributes": [],
          "private": "eyJlMmJmYjczMC1lY2FhLTExZTYtOGY4OC0zNDM2M2JjN2M0YzAiOnsiY3JlYXRlIjo2MDAwMDAwMDAwMDAsImRlbGV0ZSI6MTIwMDAwMDAwMDAwMH0sInNjaGVtYV92ZXJzaW9uIjoiMSJ9",
          "dependencies": [
            "aws_vpc.iron"
          ]
        }
      ]
    },
    {
      "mode": "managed",
      "type": "aws_subnet",
      "name": "private_eks2",
      "provider": "provider[\"registry.terraform.io/hashicorp/aws\"]",
      "instances": [
        {
          "schema_version": 1,
          "attributes": {
            "arn": "arn:aws:ec2:ap-northeast-2:107972469409:subnet/subnet-0a214dddf74ba0a27",
            "assign_ipv6_address_on_creation": false,
            "availability_zone": "ap-northeast-2c",
            "availability_zone_id": "apne2-az3",
            "cidr_block": "172.20.104.0/24",
            "customer_owned_ipv4_pool": "",
            "enable_dns64": false,
            "enable_resource_name_dns_a_record_on_launch": false,
            "enable_resource_name_dns_aaaa_record_on_launch": false,
            "id": "subnet-0a214dddf74ba0a27",
            "ipv6_cidr_block": "",
            "ipv6_cidr_block_association_id": "",
            "ipv6_native": false,
            "map_customer_owned_ip_on_launch": false,
            "map_public_ip_on_launch": false,
            "outpost_arn": "",
            "owner_id": "107972469409",
            "private_dns_hostname_type_on_launch": "ip-name",
            "tags": {
              "Name": "private-eks"
            },
            "tags_all": {
              "Name": "private-eks"
            },
            "timeouts": null,
            "vpc_id": "vpc-0e0407e4cd7f0ef43"
          },
          "sensitive_attributes": [],
          "private": "eyJlMmJmYjczMC1lY2FhLTExZTYtOGY4OC0zNDM2M2JjN2M0YzAiOnsiY3JlYXRlIjo2MDAwMDAwMDAwMDAsImRlbGV0ZSI6MTIwMDAwMDAwMDAwMH0sInNjaGVtYV92ZXJzaW9uIjoiMSJ9",
          "dependencies": [
            "aws_vpc.iron"
          ]
        }
      ]
    },
    {
      "mode": "managed",
      "type": "aws_vpc",
      "name": "iron",
      "provider": "provider[\"registry.terraform.io/hashicorp/aws\"]",
      "instances": [
        {
          "schema_version": 1,
          "attributes": {
            "arn": "arn:aws:ec2:ap-northeast-2:107972469409:vpc/vpc-0e0407e4cd7f0ef43",
            "assign_generated_ipv6_cidr_block": false,
            "cidr_block": "172.20.0.0/16",
            "default_network_acl_id": "acl-08605adb91381076f",
            "default_route_table_id": "rtb-019935aa85270fcb4",
            "default_security_group_id": "sg-0f5b4b8569c05b073",
            "dhcp_options_id": "dopt-0d20f5df05cef34b5",
            "enable_classiclink": false,
            "enable_classiclink_dns_support": false,
            "enable_dns_hostnames": true,
            "enable_dns_support": true,
            "enable_network_address_usage_metrics": false,
            "id": "vpc-0e0407e4cd7f0ef43",
            "instance_tenancy": "default",
            "ipv4_ipam_pool_id": null,
            "ipv4_netmask_length": null,
            "ipv6_association_id": "",
            "ipv6_cidr_block": "",
            "ipv6_cidr_block_network_border_group": "",
            "ipv6_ipam_pool_id": "",
            "ipv6_netmask_length": 0,
            "main_route_table_id": "rtb-019935aa85270fcb4",
            "owner_id": "107972469409",
            "tags": {
              "Name": "iron"
            },
            "tags_all": {
              "Name": "iron"
            }
          },
          "sensitive_attributes": [],
          "private": "eyJzY2hlbWFfdmVyc2lvbiI6IjEifQ=="
        }
      ]
    }
  ],
  "check_results": null
}
